
Microsoft Visual Studio Solution File, Format Version 12.00
# Visual Studio Version 17
VisualStudioVersion = 17.14.36127.28
MinimumVisualStudioVersion = 10.0.40219.1
Project("{FAE04EC0-301F-11D3-BF4B-00C04F79EFBC}") = "TicTacToe", "TicTacToe\TicTacToe.csproj", "{03F791EE-6D4B-4C9E-BD10-A3A951927F2B}"
EndProject
Project("{FAE04EC0-301F-11D3-BF4B-00C04F79EFBC}") = "TicTacToe.Tests", "TicTacToe.Tests\TicTacToe.Tests.csproj", "{F6618647-DAE7-4754-BC6A-7D9BD667AEAF}"
EndProject
Global
	GlobalSection(SolutionConfigurationPlatforms) = preSolution
		Debug|Any CPU = Debug|Any CPU
		Release|Any CPU = Release|Any CPU
	EndGlobalSection
	GlobalSection(ProjectConfigurationPlatforms) = postSolution
		{03F791EE-6D4B-4C9E-BD10-A3A951927F2B}.Debug|Any CPU.ActiveCfg = Debug|Any CPU
		{03F791EE-6D4B-4C9E-BD10-A3A951927F2B}.Debug|Any CPU.Build.0 = Debug|Any CPU
		{03F791EE-6D4B-4C9E-BD10-A3A951927F2B}.Release|Any CPU.ActiveCfg = Release|Any CPU
		{03F791EE-6D4B-4C9E-BD10-A3A951927F2B}.Release|Any CPU.Build.0 = Release|Any CPU
		{F6618647-DAE7-4754-BC6A-7D9BD667AEAF}.Debug|Any CPU.ActiveCfg = Debug|Any CPU
		{F6618647-DAE7-4754-BC6A-7D9BD667AEAF}.Debug|Any CPU.Build.0 = Debug|Any CPU
		{F6618647-DAE7-4754-BC6A-7D9BD667AEAF}.Release|Any CPU.ActiveCfg = Release|Any CPU
		{F6618647-DAE7-4754-BC6A-7D9BD667AEAF}.Release|Any CPU.Build.0 = Release|Any CPU
	EndGlobalSection
	GlobalSection(SolutionProperties) = preSolution
		HideSolutionNode = FALSE
	EndGlobalSection
	GlobalSection(ExtensibilityGlobals) = postSolution
		SolutionGuid = {272D6189-328E-4DB5-892D-445D130C8C75}
	EndGlobalSection
EndGlobal
